
Microsoft Visual Studio Solution File, Format Version 12.00
# Visual Studio Version 16
VisualStudioVersion = 16.0.31911.196
MinimumVisualStudioVersion = 10.0.40219.1
Project("{FAE04EC0-301F-11D3-BF4B-00C04F79EFBC}") = "FeedbackPortal", "FeedbackPortal.csproj", "{98B6BB50-1936-4775-96CE-A85A6BC75D2D}"
EndProject
Global
	GlobalSection(SolutionConfigurationPlatforms) = preSolution
		Debug|Any CPU = Debug|Any CPU
		Release|Any CPU = Release|Any CPU
	EndGlobalSection
	GlobalSection(ProjectConfigurationPlatforms) = postSolution
		{98B6BB50-1936-4775-96CE-A85A6BC75D2D}.Debug|Any CPU.ActiveCfg = Debug|Any CPU
		{98B6BB50-1936-4775-96CE-A85A6BC75D2D}.Debug|Any CPU.Build.0 = Debug|Any CPU
		{98B6BB50-1936-4775-96CE-A85A6BC75D2D}.Release|Any CPU.ActiveCfg = Release|Any CPU
		{98B6BB50-1936-4775-96CE-A85A6BC75D2D}.Release|Any CPU.Build.0 = Release|Any CPU
	EndGlobalSection
	GlobalSection(SolutionProperties) = preSolution
		HideSolutionNode = FALSE
	EndGlobalSection
	GlobalSection(ExtensibilityGlobals) = postSolution
		SolutionGuid = {00CBF037-99EC-4343-9993-4AE6B1DCB8FD}
	EndGlobalSection
EndGlobal
